
Microsoft Visual Studio Solution File, Format Version 12.00
# Visual Studio 15
VisualStudioVersion = 15.0.28307.1705
MinimumVisualStudioVersion = 10.0.40219.1
Project("{FAE04EC0-301F-11D3-BF4B-00C04F79EFBC}") = "RentalKendaraan", "RentalKendaraan\RentalKendaraan.csproj", "{4F3CB6E4-A724-4172-B234-9632320FCD41}"
EndProject
Global
	GlobalSection(SolutionConfigurationPlatforms) = preSolution
		Debug|Any CPU = Debug|Any CPU
		Release|Any CPU = Release|Any CPU
	EndGlobalSection
	GlobalSection(ProjectConfigurationPlatforms) = postSolution
		{4F3CB6E4-A724-4172-B234-9632320FCD41}.Debug|Any CPU.ActiveCfg = Debug|Any CPU
		{4F3CB6E4-A724-4172-B234-9632320FCD41}.Debug|Any CPU.Build.0 = Debug|Any CPU
		{4F3CB6E4-A724-4172-B234-9632320FCD41}.Release|Any CPU.ActiveCfg = Release|Any CPU
		{4F3CB6E4-A724-4172-B234-9632320FCD41}.Release|Any CPU.Build.0 = Release|Any CPU
	EndGlobalSection
	GlobalSection(SolutionProperties) = preSolution
		HideSolutionNode = FALSE
	EndGlobalSection
	GlobalSection(ExtensibilityGlobals) = postSolution
		SolutionGuid = {7F869643-9960-4D2E-8FCC-8862C11B370A}
	EndGlobalSection
EndGlobal
